// !$*UTF8*$!
{
	archiveVersion = 1;
	classes = {
	};
	objectVersion = 46;
	objects = {

/* Begin PBXBuildFile section */
		BA860C661ADF5FE000176884 /* sort.c in Sources */ = {isa = PBXBuildFile; fileRef = BA860C641ADF5FE000176884 /* sort.c */; };
		BAA9531F1B33C92000927249 /* main.c in Sources */ = {isa = PBXBuildFile; fileRef = BACC83021ADE134E00402556 /* main.c */; };
		BAB236D21AF7B9500024D4B3 /* fft.c in Sources */ = {isa = PBXBuildFile; fileRef = BAB236D01AF7B9500024D4B3 /* fft.c */; };
/* End PBXBuildFile section */

/* Begin PBXCopyFilesBuildPhase section */
		BACC82FD1ADE134E00402556 /* CopyFiles */ = {
			isa = PBXCopyFilesBuildPhase;
			buildActionMask = 2147483647;
			dstPath = /usr/share/man/man1/;
			dstSubfolderSpec = 0;
			files = (
			);
			runOnlyForDeploymentPostprocessing = 1;
		};
/* End PBXCopyFilesBuildPhase section */

/* Begin PBXFileReference section */
		BA4124191B33BD5E0064AB7A /* poisson_framework.c */ = {isa = PBXFileReference; fileEncoding = 4; lastKnownFileType = sourcecode.c.c; path = poisson_framework.c; sourceTree = "<group>"; };
		BA860C641ADF5FE000176884 /* sort.c */ = {isa = PBXFileReference; fileEncoding = 4; lastKnownFileType = sourcecode.c.c; path = sort.c; sourceTree = "<group>"; };
		BA860C651ADF5FE000176884 /* sort.h */ = {isa = PBXFileReference; fileEncoding = 4; lastKnownFileType = sourcecode.c.h; path = sort.h; sourceTree = "<group>"; };
		BAB236D01AF7B9500024D4B3 /* fft.c */ = {isa = PBXFileReference; fileEncoding = 4; lastKnownFileType = sourcecode.c.c; path = fft.c; sourceTree = "<group>"; };
		BAB236D11AF7B9500024D4B3 /* fft.h */ = {isa = PBXFileReference; fileEncoding = 4; lastKnownFileType = sourcecode.c.h; path = fft.h; sourceTree = "<group>"; };
		BACC82FF1ADE134E00402556 /* midterm */ = {isa = PBXFileReference; explicitFileType = "compiled.mach-o.executable"; includeInIndex = 0; path = midterm; sourceTree = BUILT_PRODUCTS_DIR; };
		BACC83021ADE134E00402556 /* main.c */ = {isa = PBXFileReference; lastKnownFileType = sourcecode.c.c; path = main.c; sourceTree = "<group>"; };
/* End PBXFileReference section */

/* Begin PBXFrameworksBuildPhase section */
		BACC82FC1ADE134E00402556 /* Frameworks */ = {
			isa = PBXFrameworksBuildPhase;
			buildActionMask = 2147483647;
			files = (
			);
			runOnlyForDeploymentPostprocessing = 0;
		};
/* End PBXFrameworksBuildPhase section */

/* Begin PBXGroup section */
		BACC82F61ADE134E00402556 = {
			isa = PBXGroup;
			children = (
				BACC83011ADE134E00402556 /* midterm */,
				BACC83001ADE134E00402556 /* Products */,
			);
			sourceTree = "<group>";
		};
		BACC83001ADE134E00402556 /* Products */ = {
			isa = PBXGroup;
			children = (
				BACC82FF1ADE134E00402556 /* midterm */,
			);
			name = Products;
			sourceTree = "<group>";
		};
		BACC83011ADE134E00402556 /* midterm */ = {
			isa = PBXGroup;
			children = (
				BA860C641ADF5FE000176884 /* sort.c */,
				BAB236D01AF7B9500024D4B3 /* fft.c */,
				BAB236D11AF7B9500024D4B3 /* fft.h */,
				BA860C651ADF5FE000176884 /* sort.h */,
				BACC83021ADE134E00402556 /* main.c */,
				BA4124191B33BD5E0064AB7A /* poisson_framework.c */,
			);
			path = midterm;
			sourceTree = "<group>";
		};
/* End PBXGroup section */

/* Begin PBXNativeTarget section */
		BACC82FE1ADE134E00402556 /* midterm */ = {
			isa = PBXNativeTarget;
			buildConfigurationList = BACC83061ADE134E00402556 /* Build configuration list for PBXNativeTarget "midterm" */;
			buildPhases = (
				BACC82FB1ADE134E00402556 /* Sources */,
				BACC82FC1ADE134E00402556 /* Frameworks */,
				BACC82FD1ADE134E00402556 /* CopyFiles */,
			);
			buildRules = (
			);
			dependencies = (
			);
			name = midterm;
			productName = midterm;
			productReference = BACC82FF1ADE134E00402556 /* midterm */;
			productType = "com.apple.product-type.tool";
		};
/* End PBXNativeTarget section */

/* Begin PBXProject section */
		BACC82F71ADE134E00402556 /* Project object */ = {
			isa = PBXProject;
			attributes = {
				LastUpgradeCheck = 0630;
				ORGANIZATIONNAME = "Yu Hsun Lee";
				TargetAttributes = {
					BACC82FE1ADE134E00402556 = {
						CreatedOnToolsVersion = 6.3;
					};
				};
			};
			buildConfigurationList = BACC82FA1ADE134E00402556 /* Build configuration list for PBXProject "midterm" */;
			compatibilityVersion = "Xcode 3.2";
			developmentRegion = English;
			hasScannedForEncodings = 0;
			knownRegions = (
				en,
			);
			mainGroup = BACC82F61ADE134E00402556;
			productRefGroup = BACC83001ADE134E00402556 /* Products */;
			projectDirPath = "";
			projectRoot = "";
			targets = (
				BACC82FE1ADE134E00402556 /* midterm */,
			);
		};
/* End PBXProject section */

/* Begin PBXSourcesBuildPhase section */
		BACC82FB1ADE134E00402556 /* Sources */ = {
			isa = PBXSourcesBuildPhase;
			buildActionMask = 2147483647;
			files = (
				BAB236D21AF7B9500024D4B3 /* fft.c in Sources */,
				BA860C661ADF5FE000176884 /* sort.c in Sources */,
				BAA9531F1B33C92000927249 /* main.c in Sources */,
			);
			runOnlyForDeploymentPostprocessing = 0;
		};
/* End PBXSourcesBuildPhase section */

/* Begin XCBuildConfiguration section */
		BACC83041ADE134E00402556 /* Debug */ = {
			isa = XCBuildConfiguration;
			buildSettings = {
				ALWAYS_SEARCH_USER_PATHS = NO;
				CLANG_CXX_LANGUAGE_STANDARD = "gnu++0x";
				CLANG_CXX_LIBRARY = "libc++";
				CLANG_ENABLE_MODULES = YES;
				CLANG_ENABLE_OBJC_ARC = YES;
				CLANG_WARN_BOOL_CONVERSION = YES;
				CLANG_WARN_CONSTANT_CONVERSION = YES;
				CLANG_WARN_DIRECT_OBJC_ISA_USAGE = YES_ERROR;
				CLANG_WARN_EMPTY_BODY = YES;
				CLANG_WARN_ENUM_CONVERSION = YES;
				CLANG_WARN_INT_CONVERSION = YES;
				CLANG_WARN_OBJC_ROOT_CLASS = YES_ERROR;
				CLANG_WARN_UNREACHABLE_CODE = YES;
				CLANG_WARN__DUPLICATE_METHOD_MATCH = YES;
				COPY_PHASE_STRIP = NO;
				DEBUG_INFORMATION_FORMAT = dwarf;
				ENABLE_STRICT_OBJC_MSGSEND = YES;
				GCC_C_LANGUAGE_STANDARD = gnu99;
				GCC_DYNAMIC_NO_PIC = NO;
				GCC_NO_COMMON_BLOCKS = YES;
				GCC_OPTIMIZATION_LEVEL = 0;
				GCC_PREPROCESSOR_DEFINITIONS = (
					"DEBUG=1",
					"$(inherited)",
				);
				GCC_SYMBOLS_PRIVATE_EXTERN = NO;
				GCC_WARN_64_TO_32_BIT_CONVERSION = YES;
				GCC_WARN_ABOUT_RETURN_TYPE = YES_ERROR;
				GCC_WARN_UNDECLARED_SELECTOR = YES;
				GCC_WARN_UNINITIALIZED_AUTOS = YES_AGGRESSIVE;
				GCC_WARN_UNUSED_FUNCTION = YES;
				GCC_WARN_UNUSED_VARIABLE = YES;
				MACOSX_DEPLOYMENT_TARGET = 10.10;
				MTL_ENABLE_DEBUG_INFO = YES;
				ONLY_ACTIVE_ARCH = YES;
				SDKROOT = macosx;
			};
			name = Debug;
		};
		BACC83051ADE134E00402556 /* Release */ = {
			isa = XCBuildConfiguration;
			buildSettings = {
				ALWAYS_SEARCH_USER_PATHS = NO;
				CLANG_CXX_LANGUAGE_STANDARD = "gnu++0x";
				CLANG_CXX_LIBRARY = "libc++";
				CLANG_ENABLE_MODULES = YES;
				CLANG_ENABLE_OBJC_ARC = YES;
				CLANG_WARN_BOOL_CONVERSION = YES;
				CLANG_WARN_CONSTANT_CONVERSION = YES;
				CLANG_WARN_DIRECT_OBJC_ISA_USAGE = YES_ERROR;
				CLANG_WARN_EMPTY_BODY = YES;
				CLANG_WARN_ENUM_CONVERSION = YES;
				CLANG_WARN_INT_CONVERSION = YES;
				CLANG_WARN_OBJC_ROOT_CLASS = YES_ERROR;
				CLANG_WARN_UNREACHABLE_CODE = YES;
				CLANG_WARN__DUPLICATE_METHOD_MATCH = YES;
				COPY_PHASE_STRIP = NO;
				DEBUG_INFORMATION_FORMAT = "dwarf-with-dsym";
				ENABLE_NS_ASSERTIONS = NO;
				ENABLE_STRICT_OBJC_MSGSEND = YES;
				GCC_C_LANGUAGE_STANDARD = gnu99;
				GCC_NO_COMMON_BLOCKS = YES;
				GCC_WARN_64_TO_32_BIT_CONVERSION = YES;
				GCC_WARN_ABOUT_RETURN_TYPE = YES_ERROR;
				GCC_WARN_UNDECLARED_SELECTOR = YES;
				GCC_WARN_UNINITIALIZED_AUTOS = YES_AGGRESSIVE;
				GCC_WARN_UNUSED_FUNCTION = YES;
				GCC_WARN_UNUSED_VARIABLE = YES;
				MACOSX_DEPLOYMENT_TARGET = 10.10;
				MTL_ENABLE_DEBUG_INFO = NO;
				SDKROOT = macosx;
			};
			name = Release;
		};
		BACC83071ADE134E00402556 /* Debug */ = {
			isa = XCBuildConfiguration;
			buildSettings = {
				PRODUCT_NAME = "$(TARGET_NAME)";
			};
			name = Debug;
		};
		BACC83081ADE134E00402556 /* Release */ = {
			isa = XCBuildConfiguration;
			buildSettings = {
				PRODUCT_NAME = "$(TARGET_NAME)";
			};
			name = Release;
		};
/* End XCBuildConfiguration section */

/* Begin XCConfigurationList section */
		BACC82FA1ADE134E00402556 /* Build configuration list for PBXProject "midterm" */ = {
			isa = XCConfigurationList;
			buildConfigurations = (
				BACC83041ADE134E00402556 /* Debug */,
				BACC83051ADE134E00402556 /* Release */,
			);
			defaultConfigurationIsVisible = 0;
			defaultConfigurationName = Release;
		};
		BACC83061ADE134E00402556 /* Build configuration list for PBXNativeTarget "midterm" */ = {
			isa = XCConfigurationList;
			buildConfigurations = (
				BACC83071ADE134E00402556 /* Debug */,
				BACC83081ADE134E00402556 /* Release */,
			);
			defaultConfigurationIsVisible = 0;
			defaultConfigurationName = Release;
		};
/* End XCConfigurationList section */
	};
	rootObject = BACC82F71ADE134E00402556 /* Project object */;
}
